# This file is autogenerated, do not edit; changes may be undone by the next 'dep ensure'.


[[projects]]
  branch = "master"
  name = "github.com/loganjspears/joker"
  packages = ["hand","jokertest","util"]
  revision = "1554d8fa2291694cc053fd536b6b3f7cdfd09ce7"

[[projects]]
  branch = "master"
  name = "github.com/notnil/joker"
  packages = ["hand"]
  revision = "1554d8fa2291694cc053fd536b6b3f7cdfd09ce7"

[solve-meta]
  analyzer-name = "dep"
  analyzer-version = 1
  inputs-digest = "98200dad5b88df0266c51ed47f2163b1ca273673d6c30ac2ba3a80d33c449c4c"
  solver-name = "gps-cdcl"
  solver-version = 1
